{
  "name": "@axe-core/cli",
  "version": "4.0.0-pre.0",
  "lockfileVersion": 1,
  "requires": true,
  "dependencies": {
    "@axe-core/webdriverjs": {
      "version": "4.0.0-pre.0",
      "requires": {
        "axe-core": "^3.4.1",
        "babel-runtime": "^6.26.0"
      },
      "dependencies": {
        "axe-core": {
          "version": "3.5.5",
          "resolved": "https://agora.dequecloud.com/artifactory/api/npm/dequelabs/axe-core/-/axe-core-3.5.5.tgz",
          "integrity": "sha1-hDFQc7U/o8DFFnbFiNWdoJoZIic="
        },
        "babel-runtime": {
          "version": "6.26.0",
          "resolved": "https://agora.dequecloud.com/artifactory/api/npm/dequelabs/babel-runtime/-/babel-runtime-6.26.0.tgz",
          "integrity": "sha1-llxwWGaOgrVde/4E/yM3vItWR/4=",
          "requires": {
            "core-js": "^2.4.0",
            "regenerator-runtime": "^0.11.0"
          }
        },
        "core-js": {
          "version": "2.6.11",
          "resolved": "https://agora.dequecloud.com/artifactory/api/npm/dequelabs/core-js/-/core-js-2.6.11.tgz",
          "integrity": "sha1-OIMUafmSK97Y7iHJ3EaYXgOZMIw="
        },
        "regenerator-runtime": {
          "version": "0.11.1",
          "resolved": "https://agora.dequecloud.com/artifactory/api/npm/dequelabs/regenerator-runtime/-/regenerator-runtime-0.11.1.tgz",
          "integrity": "sha1-vgWtf5v30i4Fb5cmzuUBf78Z4uk="
        }
      }
    },
    "@nodelib/fs.scandir": {
      "version": "2.1.3",
      "resolved": "https://agora.dequecloud.com/artifactory/api/npm/dequelabs/@nodelib/fs.scandir/-/fs.scandir-2.1.3.tgz",
      "integrity": "sha1-Olgr21OATGum0UZXnEblITDPSjs=",
      "requires": {
        "@nodelib/fs.stat": "2.0.3",
        "run-parallel": "^1.1.9"
      }
    },
    "@nodelib/fs.stat": {
      "version": "2.0.3",
      "resolved": "https://agora.dequecloud.com/artifactory/api/npm/dequelabs/@nodelib/fs.stat/-/fs.stat-2.0.3.tgz",
      "integrity": "sha1-NNxfTKu8cg9OYPdadH5+zWwXW9M="
    },
    "@nodelib/fs.walk": {
      "version": "1.2.4",
      "resolved": "https://agora.dequecloud.com/artifactory/api/npm/dequelabs/@nodelib/fs.walk/-/fs.walk-1.2.4.tgz",
      "integrity": "sha1-ARuSAqcKY2bkNspcBlhEUoqwSXY=",
      "requires": {
        "@nodelib/fs.scandir": "2.1.3",
        "fastq": "^1.6.0"
      }
    },
    "@testim/chrome-version": {
      "version": "1.0.7",
      "resolved": "https://agora.dequecloud.com/artifactory/api/npm/dequelabs/@testim/chrome-version/-/chrome-version-1.0.7.tgz",
      "integrity": "sha1-DNkVeF7EGQ8Io6asybYfw4+18ak="
    },
    "@types/glob": {
      "version": "7.1.3",
      "resolved": "https://agora.dequecloud.com/artifactory/api/npm/dequelabs/@types/glob/-/glob-7.1.3.tgz",
      "integrity": "sha1-5rqA82t9qtLGhazZJmOC5omFwYM=",
      "requires": {
        "@types/minimatch": "*",
        "@types/node": "*"
      }
    },
    "@types/minimatch": {
      "version": "3.0.3",
      "resolved": "https://agora.dequecloud.com/artifactory/api/npm/dequelabs/@types/minimatch/-/minimatch-3.0.3.tgz",
      "integrity": "sha1-PcoOPzOyAPx9ETnAzZbBJoyt/Z0="
    },
    "@types/node": {
      "version": "14.0.23",
      "resolved": "https://agora.dequecloud.com/artifactory/api/npm/dequelabs/@types/node/-/node-14.0.23.tgz",
      "integrity": "sha1-Z2+giDRQ7Z2guyQVYhNjYpCJKAY="
    },
    "@types/yauzl": {
      "version": "2.9.1",
      "resolved": "https://agora.dequecloud.com/artifactory/api/npm/dequelabs/@types/yauzl/-/yauzl-2.9.1.tgz",
      "integrity": "sha1-0Q9p+fUi7vPPmOMK+2hKHh7JI68=",
      "optional": true,
      "requires": {
        "@types/node": "*"
      }
    },
    "agent-base": {
      "version": "4.3.0",
      "resolved": "https://agora.dequecloud.com/artifactory/api/npm/dequelabs/agent-base/-/agent-base-4.3.0.tgz",
      "integrity": "sha1-gWXwHENgCbzK0LHRIvBe13Dvxu4=",
      "requires": {
        "es6-promisify": "^5.0.0"
      }
    },
    "aggregate-error": {
      "version": "3.0.1",
      "resolved": "https://agora.dequecloud.com/artifactory/api/npm/dequelabs/aggregate-error/-/aggregate-error-3.0.1.tgz",
      "integrity": "sha1-2y/nJG5Tb0DZtUQqOeEX191qJOA=",
      "requires": {
        "clean-stack": "^2.0.0",
        "indent-string": "^4.0.0"
      }
    },
    "array-union": {
      "version": "2.1.0",
      "resolved": "https://agora.dequecloud.com/artifactory/api/npm/dequelabs/array-union/-/array-union-2.1.0.tgz",
      "integrity": "sha1-t5hCCtvrHego2ErNii4j0+/oXo0="
    },
    "assertion-error": {
      "version": "1.1.0",
      "resolved": "https://agora.dequecloud.com/artifactory/api/npm/dequelabs/assertion-error/-/assertion-error-1.1.0.tgz",
      "integrity": "sha1-5gtrDo8wG9l+U3UhW9pAbIURjAs=",
      "dev": true
    },
    "axe-core": {
      "version": "3.5.5",
      "resolved": "https://agora.dequecloud.com/artifactory/api/npm/dequelabs/axe-core/-/axe-core-3.5.5.tgz",
      "integrity": "sha1-hDFQc7U/o8DFFnbFiNWdoJoZIic="
    },
    "axios": {
      "version": "0.19.2",
      "resolved": "https://agora.dequecloud.com/artifactory/api/npm/dequelabs/axios/-/axios-0.19.2.tgz",
      "integrity": "sha1-PqNsXYgY0NX4qKl6bTa4bNwAyyc=",
      "requires": {
        "follow-redirects": "1.5.10"
      }
    },
    "balanced-match": {
      "version": "1.0.0",
      "resolved": "https://agora.dequecloud.com/artifactory/api/npm/dequelabs/balanced-match/-/balanced-match-1.0.0.tgz",
      "integrity": "sha1-ibTRmasr7kneFk6gK4nORi1xt2c="
    },
    "brace-expansion": {
      "version": "1.1.11",
      "resolved": "https://agora.dequecloud.com/artifactory/api/npm/dequelabs/brace-expansion/-/brace-expansion-1.1.11.tgz",
      "integrity": "sha1-PH/L9SnYcibz0vUrlm/1Jx60Qd0=",
      "requires": {
        "balanced-match": "^1.0.0",
        "concat-map": "0.0.1"
      }
    },
    "braces": {
      "version": "3.0.2",
      "resolved": "https://agora.dequecloud.com/artifactory/api/npm/dequelabs/braces/-/braces-3.0.2.tgz",
      "integrity": "sha1-NFThpGLujVmeI23zNs2epPiv4Qc=",
      "requires": {
        "fill-range": "^7.0.1"
      }
    },
    "browser-stdout": {
      "version": "1.3.1",
      "resolved": "https://agora.dequecloud.com/artifactory/api/npm/dequelabs/browser-stdout/-/browser-stdout-1.3.1.tgz",
      "integrity": "sha1-uqVZ7hTO1zRSIputcyZGfGH6vWA=",
      "dev": true
    },
    "buffer-crc32": {
      "version": "0.2.13",
      "resolved": "https://agora.dequecloud.com/artifactory/api/npm/dequelabs/buffer-crc32/-/buffer-crc32-0.2.13.tgz",
      "integrity": "sha1-DTM+PwDqxQqhRUq9MO+MKl2ackI="
    },
    "chai": {
      "version": "4.2.0",
      "resolved": "https://agora.dequecloud.com/artifactory/api/npm/dequelabs/chai/-/chai-4.2.0.tgz",
      "integrity": "sha1-dgqnLPION5XoSxKHfODoNzeqKeU=",
      "dev": true,
      "requires": {
        "assertion-error": "^1.1.0",
        "check-error": "^1.0.2",
        "deep-eql": "^3.0.1",
        "get-func-name": "^2.0.0",
        "pathval": "^1.1.0",
        "type-detect": "^4.0.5"
      }
    },
    "check-error": {
      "version": "1.0.2",
      "resolved": "https://agora.dequecloud.com/artifactory/api/npm/dequelabs/check-error/-/check-error-1.0.2.tgz",
      "integrity": "sha1-V00xLt2Iu13YkS6Sht1sCu1KrII=",
      "dev": true
    },
    "chromedriver": {
      "version": "83.0.1",
      "resolved": "https://agora.dequecloud.com/artifactory/api/npm/dequelabs/chromedriver/-/chromedriver-83.0.1.tgz",
      "integrity": "sha1-xM+bP3B2/qXp73h+ZZB80DX/vRA=",
      "requires": {
        "@testim/chrome-version": "^1.0.7",
        "axios": "^0.19.2",
        "del": "^5.1.0",
        "extract-zip": "^2.0.0",
        "https-proxy-agent": "^2.2.4",
        "mkdirp": "^1.0.4",
        "tcp-port-used": "^1.0.1"
      }
    },
    "clean-stack": {
      "version": "2.2.0",
      "resolved": "https://agora.dequecloud.com/artifactory/api/npm/dequelabs/clean-stack/-/clean-stack-2.2.0.tgz",
      "integrity": "sha1-7oRy27Ep5yezHooQpCfe6d/kAIs="
    },
    "colors": {
      "version": "1.4.0",
      "resolved": "https://agora.dequecloud.com/artifactory/api/npm/dequelabs/colors/-/colors-1.4.0.tgz",
      "integrity": "sha1-xQSRR51MG9rtLJztMs98fcI2D3g="
    },
    "commander": {
      "version": "2.20.3",
      "resolved": "https://agora.dequecloud.com/artifactory/api/npm/dequelabs/commander/-/commander-2.20.3.tgz",
      "integrity": "sha1-/UhehMA+tIgcIHIrpIA16FMa6zM="
    },
    "concat-map": {
      "version": "0.0.1",
      "resolved": "https://agora.dequecloud.com/artifactory/api/npm/dequelabs/concat-map/-/concat-map-0.0.1.tgz",
      "integrity": "sha1-2Klr13/Wjfd5OnMDajug1UBdR3s="
    },
    "core-util-is": {
      "version": "1.0.2",
      "resolved": "https://agora.dequecloud.com/artifactory/api/npm/dequelabs/core-util-is/-/core-util-is-1.0.2.tgz",
      "integrity": "sha1-tf1UIgqivFq1eqtxQMlAdUUDwac="
    },
    "debug": {
      "version": "3.1.0",
      "resolved": "https://agora.dequecloud.com/artifactory/api/npm/dequelabs/debug/-/debug-3.1.0.tgz",
      "integrity": "sha1-W7WgZyYotkFJVmuhaBnmFRjGcmE=",
      "requires": {
        "ms": "2.0.0"
      }
    },
    "deep-eql": {
      "version": "3.0.1",
      "resolved": "https://agora.dequecloud.com/artifactory/api/npm/dequelabs/deep-eql/-/deep-eql-3.0.1.tgz",
      "integrity": "sha1-38lARACtHI/gI+faHfHBR8S0RN8=",
      "dev": true,
      "requires": {
        "type-detect": "^4.0.0"
      }
    },
    "deep-is": {
      "version": "0.1.3",
      "resolved": "https://agora.dequecloud.com/artifactory/api/npm/dequelabs/deep-is/-/deep-is-0.1.3.tgz",
      "integrity": "sha1-s2nW+128E+7PUk+RsHD+7cNXzzQ="
    },
    "del": {
      "version": "5.1.0",
      "resolved": "https://agora.dequecloud.com/artifactory/api/npm/dequelabs/del/-/del-5.1.0.tgz",
      "integrity": "sha1-2Uh8lONnQQ5u/ykl7ljAyEp1s6c=",
      "requires": {
        "globby": "^10.0.1",
        "graceful-fs": "^4.2.2",
        "is-glob": "^4.0.1",
        "is-path-cwd": "^2.2.0",
        "is-path-inside": "^3.0.1",
        "p-map": "^3.0.0",
        "rimraf": "^3.0.0",
        "slash": "^3.0.0"
      }
    },
    "diff": {
      "version": "3.5.0",
      "resolved": "https://agora.dequecloud.com/artifactory/api/npm/dequelabs/diff/-/diff-3.5.0.tgz",
      "integrity": "sha1-gAwN0eCov7yVg1wgKtIg/jF+WhI=",
      "dev": true
    },
    "dir-glob": {
      "version": "3.0.1",
      "resolved": "https://agora.dequecloud.com/artifactory/api/npm/dequelabs/dir-glob/-/dir-glob-3.0.1.tgz",
      "integrity": "sha1-Vtv3PZkqSpO6FYT0U0Bj/S5BcX8=",
      "requires": {
        "path-type": "^4.0.0"
      }
    },
    "end-of-stream": {
      "version": "1.4.4",
      "resolved": "https://agora.dequecloud.com/artifactory/api/npm/dequelabs/end-of-stream/-/end-of-stream-1.4.4.tgz",
      "integrity": "sha1-WuZKX0UFe682JuwU2gyl5LJDHrA=",
      "requires": {
        "once": "^1.4.0"
      }
    },
    "es6-promise": {
      "version": "4.2.8",
      "resolved": "https://agora.dequecloud.com/artifactory/api/npm/dequelabs/es6-promise/-/es6-promise-4.2.8.tgz",
      "integrity": "sha1-TrIVlMlyvEBVPSduUQU5FD21Pgo="
    },
    "es6-promisify": {
      "version": "5.0.0",
      "resolved": "https://agora.dequecloud.com/artifactory/api/npm/dequelabs/es6-promisify/-/es6-promisify-5.0.0.tgz",
      "integrity": "sha1-UQnWLz5W6pZ8S2NQWu8IKRyKUgM=",
      "requires": {
        "es6-promise": "^4.0.3"
      }
    },
    "escape-string-regexp": {
      "version": "1.0.5",
      "resolved": "https://agora.dequecloud.com/artifactory/api/npm/dequelabs/escape-string-regexp/-/escape-string-regexp-1.0.5.tgz",
      "integrity": "sha1-G2HAViGQqN/2rjuyzwIAyhMLhtQ=",
      "dev": true
    },
    "extract-zip": {
      "version": "2.0.1",
      "resolved": "https://agora.dequecloud.com/artifactory/api/npm/dequelabs/extract-zip/-/extract-zip-2.0.1.tgz",
      "integrity": "sha1-Zj3KVv5G34kNXxMe9KBtIruLoTo=",
      "requires": {
        "@types/yauzl": "^2.9.1",
        "debug": "^4.1.1",
        "get-stream": "^5.1.0",
        "yauzl": "^2.10.0"
      },
      "dependencies": {
        "debug": {
          "version": "4.1.1",
          "resolved": "https://agora.dequecloud.com/artifactory/api/npm/dequelabs/debug/-/debug-4.1.1.tgz",
          "integrity": "sha1-O3ImAlUQnGtYnO4FDx1RYTlmR5E=",
          "requires": {
            "ms": "^2.1.1"
          }
        },
        "ms": {
          "version": "2.1.2",
          "resolved": "https://agora.dequecloud.com/artifactory/api/npm/dequelabs/ms/-/ms-2.1.2.tgz",
          "integrity": "sha1-0J0fNXtEP0kzgqjrPM0YOHKuYAk="
        }
      }
    },
    "fast-glob": {
      "version": "3.2.4",
      "resolved": "https://agora.dequecloud.com/artifactory/api/npm/dequelabs/fast-glob/-/fast-glob-3.2.4.tgz",
      "integrity": "sha1-0grvv5lXk4Pn88xmUpFYybmFVNM=",
      "requires": {
        "@nodelib/fs.stat": "^2.0.2",
        "@nodelib/fs.walk": "^1.2.3",
        "glob-parent": "^5.1.0",
        "merge2": "^1.3.0",
        "micromatch": "^4.0.2",
        "picomatch": "^2.2.1"
      }
    },
    "fastq": {
      "version": "1.8.0",
      "resolved": "https://agora.dequecloud.com/artifactory/api/npm/dequelabs/fastq/-/fastq-1.8.0.tgz",
      "integrity": "sha1-VQ4fn1m7xl/hhctqm02VNXEH9IE=",
      "requires": {
        "reusify": "^1.0.4"
      }
    },
    "fd-slicer": {
      "version": "1.1.0",
      "resolved": "https://agora.dequecloud.com/artifactory/api/npm/dequelabs/fd-slicer/-/fd-slicer-1.1.0.tgz",
      "integrity": "sha1-JcfInLH5B3+IkbvmHY85Dq4lbx4=",
      "requires": {
        "pend": "~1.2.0"
      }
    },
    "fill-range": {
      "version": "7.0.1",
      "resolved": "https://agora.dequecloud.com/artifactory/api/npm/dequelabs/fill-range/-/fill-range-7.0.1.tgz",
      "integrity": "sha1-GRmmp8df44ssfHflGYU12prN2kA=",
      "requires": {
        "to-regex-range": "^5.0.1"
      }
    },
    "follow-redirects": {
      "version": "1.5.10",
      "resolved": "https://agora.dequecloud.com/artifactory/api/npm/dequelabs/follow-redirects/-/follow-redirects-1.5.10.tgz",
      "integrity": "sha1-e3qfmuov3/NnhqlP9kPtB/T/Xio=",
      "requires": {
        "debug": "=3.1.0"
      }
    },
    "fs.realpath": {
      "version": "1.0.0",
      "resolved": "https://agora.dequecloud.com/artifactory/api/npm/dequelabs/fs.realpath/-/fs.realpath-1.0.0.tgz",
      "integrity": "sha1-FQStJSMVjKpA20onh8sBQRmU6k8="
    },
    "get-func-name": {
      "version": "2.0.0",
      "resolved": "https://agora.dequecloud.com/artifactory/api/npm/dequelabs/get-func-name/-/get-func-name-2.0.0.tgz",
      "integrity": "sha1-6td0q+5y4gQJQzoGY2YCPdaIekE=",
      "dev": true
    },
    "get-stream": {
      "version": "5.1.0",
      "resolved": "https://agora.dequecloud.com/artifactory/api/npm/dequelabs/get-stream/-/get-stream-5.1.0.tgz",
      "integrity": "sha1-ASA83JJZf5uQkGfD5lbMH008Tck=",
      "requires": {
        "pump": "^3.0.0"
      }
    },
    "glob": {
      "version": "7.1.6",
      "resolved": "https://agora.dequecloud.com/artifactory/api/npm/dequelabs/glob/-/glob-7.1.6.tgz",
      "integrity": "sha1-FB8zuBp8JJLhJVlDB0gMRmeSeKY=",
      "requires": {
        "fs.realpath": "^1.0.0",
        "inflight": "^1.0.4",
        "inherits": "2",
        "minimatch": "^3.0.4",
        "once": "^1.3.0",
        "path-is-absolute": "^1.0.0"
      }
    },
    "glob-parent": {
      "version": "5.1.1",
      "resolved": "https://agora.dequecloud.com/artifactory/api/npm/dequelabs/glob-parent/-/glob-parent-5.1.1.tgz",
      "integrity": "sha1-tsHvQXxOVmPqSY8cRa+saRa7wik=",
      "requires": {
        "is-glob": "^4.0.1"
      }
    },
    "globby": {
      "version": "10.0.2",
      "resolved": "https://agora.dequecloud.com/artifactory/api/npm/dequelabs/globby/-/globby-10.0.2.tgz",
      "integrity": "sha1-J3WT50WsqkZGw6tBEonsR6A5JUM=",
      "requires": {
        "@types/glob": "^7.1.1",
        "array-union": "^2.1.0",
        "dir-glob": "^3.0.1",
        "fast-glob": "^3.0.3",
        "glob": "^7.1.3",
        "ignore": "^5.1.1",
        "merge2": "^1.2.3",
        "slash": "^3.0.0"
      }
    },
    "graceful-fs": {
      "version": "4.2.4",
      "resolved": "https://agora.dequecloud.com/artifactory/api/npm/dequelabs/graceful-fs/-/graceful-fs-4.2.4.tgz",
      "integrity": "sha1-Ila94U02MpWMRl68ltxGfKB6Kfs="
    },
    "growl": {
      "version": "1.10.5",
      "resolved": "https://agora.dequecloud.com/artifactory/api/npm/dequelabs/growl/-/growl-1.10.5.tgz",
      "integrity": "sha1-8nNdwig2dPpnR4sQGBBZNVw2nl4=",
      "dev": true
    },
    "has-flag": {
      "version": "3.0.0",
      "resolved": "https://agora.dequecloud.com/artifactory/api/npm/dequelabs/has-flag/-/has-flag-3.0.0.tgz",
      "integrity": "sha1-tdRU3CGZriJWmfNGfloH87lVuv0=",
      "dev": true
    },
    "he": {
      "version": "1.1.1",
      "resolved": "https://agora.dequecloud.com/artifactory/api/npm/dequelabs/he/-/he-1.1.1.tgz",
      "integrity": "sha1-k0EP0hsAlzUVH4howvJx80J+I/0=",
      "dev": true
    },
    "https-proxy-agent": {
      "version": "2.2.4",
      "resolved": "https://agora.dequecloud.com/artifactory/api/npm/dequelabs/https-proxy-agent/-/https-proxy-agent-2.2.4.tgz",
      "integrity": "sha1-TuenN6vZJniik9mzShr00NCMeHs=",
      "requires": {
        "agent-base": "^4.3.0",
        "debug": "^3.1.0"
      }
    },
    "ignore": {
      "version": "5.1.8",
      "resolved": "https://agora.dequecloud.com/artifactory/api/npm/dequelabs/ignore/-/ignore-5.1.8.tgz",
      "integrity": "sha1-8VCotQo0KJsz4i9YiavU2AFvDlc="
    },
    "immediate": {
      "version": "3.0.6",
      "resolved": "https://agora.dequecloud.com/artifactory/api/npm/dequelabs/immediate/-/immediate-3.0.6.tgz",
      "integrity": "sha1-nbHb0Pr43m++D13V5Wu2BigN5ps="
    },
    "indent-string": {
      "version": "4.0.0",
      "resolved": "https://agora.dequecloud.com/artifactory/api/npm/dequelabs/indent-string/-/indent-string-4.0.0.tgz",
      "integrity": "sha1-Yk+PRJfWGbLZdoUx1Y9BIoVNclE="
    },
    "inflight": {
      "version": "1.0.6",
      "resolved": "https://agora.dequecloud.com/artifactory/api/npm/dequelabs/inflight/-/inflight-1.0.6.tgz",
      "integrity": "sha1-Sb1jMdfQLQwJvJEKEHW6gWW1bfk=",
      "requires": {
        "once": "^1.3.0",
        "wrappy": "1"
      }
    },
    "inherits": {
      "version": "2.0.4",
      "resolved": "https://agora.dequecloud.com/artifactory/api/npm/dequelabs/inherits/-/inherits-2.0.4.tgz",
      "integrity": "sha1-D6LGT5MpF8NDOg3tVTY6rjdBa3w="
    },
    "ip-regex": {
      "version": "2.1.0",
      "resolved": "https://agora.dequecloud.com/artifactory/api/npm/dequelabs/ip-regex/-/ip-regex-2.1.0.tgz",
      "integrity": "sha1-+ni/XS5pE8kRzp+BnuUUa7bYROk="
    },
    "is-extglob": {
      "version": "2.1.1",
      "resolved": "https://agora.dequecloud.com/artifactory/api/npm/dequelabs/is-extglob/-/is-extglob-2.1.1.tgz",
      "integrity": "sha1-qIwCU1eR8C7TfHahueqXc8gz+MI="
    },
    "is-glob": {
      "version": "4.0.1",
      "resolved": "https://agora.dequecloud.com/artifactory/api/npm/dequelabs/is-glob/-/is-glob-4.0.1.tgz",
      "integrity": "sha1-dWfb6fL14kZ7x3q4PEopSCQHpdw=",
      "requires": {
        "is-extglob": "^2.1.1"
      }
    },
    "is-number": {
      "version": "7.0.0",
      "resolved": "https://agora.dequecloud.com/artifactory/api/npm/dequelabs/is-number/-/is-number-7.0.0.tgz",
      "integrity": "sha1-dTU0W4lnNNX4DE0GxQlVUnoU8Ss="
    },
    "is-path-cwd": {
      "version": "2.2.0",
      "resolved": "https://agora.dequecloud.com/artifactory/api/npm/dequelabs/is-path-cwd/-/is-path-cwd-2.2.0.tgz",
      "integrity": "sha1-Z9Q7gmZKe1GR/ZEZEn6zAASKn9s="
    },
    "is-path-inside": {
      "version": "3.0.2",
      "resolved": "https://agora.dequecloud.com/artifactory/api/npm/dequelabs/is-path-inside/-/is-path-inside-3.0.2.tgz",
      "integrity": "sha1-9SIPyCo+IzdXKR3dycWHfyofMBc="
    },
    "is-url": {
      "version": "1.2.4",
      "resolved": "https://agora.dequecloud.com/artifactory/api/npm/dequelabs/is-url/-/is-url-1.2.4.tgz",
      "integrity": "sha1-BKTfRtKMTP89c9Af8Gq+sxihqlI="
    },
    "is2": {
      "version": "2.0.1",
      "resolved": "https://agora.dequecloud.com/artifactory/api/npm/dequelabs/is2/-/is2-2.0.1.tgz",
      "integrity": "sha1-isNVZEhAkhzkNdlPBdOpRjTTSBo=",
      "requires": {
        "deep-is": "^0.1.3",
        "ip-regex": "^2.1.0",
        "is-url": "^1.2.2"
      }
    },
    "isarray": {
      "version": "1.0.0",
      "resolved": "https://agora.dequecloud.com/artifactory/api/npm/dequelabs/isarray/-/isarray-1.0.0.tgz",
      "integrity": "sha1-u5NdSFgsuhaMBoNJV6VKPgcSTxE="
    },
    "jszip": {
      "version": "3.5.0",
      "resolved": "https://agora.dequecloud.com/artifactory/api/npm/dequelabs/jszip/-/jszip-3.5.0.tgz",
      "integrity": "sha1-tP0fNoJFNGZY54H+yWdYAkieFfY=",
      "requires": {
        "lie": "~3.3.0",
        "pako": "~1.0.2",
        "readable-stream": "~2.3.6",
        "set-immediate-shim": "~1.0.1"
      }
    },
    "lie": {
      "version": "3.3.0",
      "resolved": "https://agora.dequecloud.com/artifactory/api/npm/dequelabs/lie/-/lie-3.3.0.tgz",
      "integrity": "sha1-3Pgt7lRfRgdNryAMfBxaCOD0D2o=",
      "requires": {
        "immediate": "~3.0.5"
      }
    },
    "merge2": {
      "version": "1.4.1",
      "resolved": "https://agora.dequecloud.com/artifactory/api/npm/dequelabs/merge2/-/merge2-1.4.1.tgz",
      "integrity": "sha1-Q2iJL4hekHRVpv19xVwMnUBJkK4="
    },
    "micromatch": {
      "version": "4.0.2",
      "resolved": "https://agora.dequecloud.com/artifactory/api/npm/dequelabs/micromatch/-/micromatch-4.0.2.tgz",
      "integrity": "sha1-T8sJmb+fvC/L3SEvbWKbmlbDklk=",
      "requires": {
        "braces": "^3.0.1",
        "picomatch": "^2.0.5"
      }
    },
    "mime": {
      "version": "1.6.0",
      "resolved": "https://agora.dequecloud.com/artifactory/api/npm/dequelabs/mime/-/mime-1.6.0.tgz",
      "integrity": "sha1-Ms2eXGRVO9WNGaVor0Uqz/BJgbE=",
      "dev": true
    },
    "minimatch": {
      "version": "3.0.4",
      "resolved": "https://agora.dequecloud.com/artifactory/api/npm/dequelabs/minimatch/-/minimatch-3.0.4.tgz",
      "integrity": "sha1-UWbihkV/AzBgZL5Ul+jbsMPTIIM=",
      "requires": {
        "brace-expansion": "^1.1.7"
      }
    },
    "minimist": {
      "version": "0.0.8",
      "resolved": "https://agora.dequecloud.com/artifactory/api/npm/dequelabs/minimist/-/minimist-0.0.8.tgz",
      "integrity": "sha1-hX/Kv8M5fSYluCKCYuhqp6ARsF0=",
      "dev": true
    },
    "mkdirp": {
      "version": "1.0.4",
      "resolved": "https://agora.dequecloud.com/artifactory/api/npm/dequelabs/mkdirp/-/mkdirp-1.0.4.tgz",
      "integrity": "sha1-PrXtYmInVteaXw4qIh3+utdcL34="
    },
    "mocha": {
      "version": "5.2.0",
      "resolved": "https://agora.dequecloud.com/artifactory/api/npm/dequelabs/mocha/-/mocha-5.2.0.tgz",
      "integrity": "sha1-bYrlCPWRZ/lA8rWzxKYSrlDJCuY=",
      "dev": true,
      "requires": {
        "browser-stdout": "1.3.1",
        "commander": "2.15.1",
        "debug": "3.1.0",
        "diff": "3.5.0",
        "escape-string-regexp": "1.0.5",
        "glob": "7.1.2",
        "growl": "1.10.5",
        "he": "1.1.1",
        "minimatch": "3.0.4",
        "mkdirp": "0.5.1",
        "supports-color": "5.4.0"
      },
      "dependencies": {
        "commander": {
          "version": "2.15.1",
          "resolved": "https://agora.dequecloud.com/artifactory/api/npm/dequelabs/commander/-/commander-2.15.1.tgz",
          "integrity": "sha1-30boZ9D8Kuxmo0ZitAapzK//Ww8=",
          "dev": true
        },
        "glob": {
          "version": "7.1.2",
          "resolved": "https://agora.dequecloud.com/artifactory/api/npm/dequelabs/glob/-/glob-7.1.2.tgz",
          "integrity": "sha1-wZyd+aAocC1nhhI4SmVSQExjbRU=",
          "dev": true,
          "requires": {
            "fs.realpath": "^1.0.0",
            "inflight": "^1.0.4",
            "inherits": "2",
            "minimatch": "^3.0.4",
            "once": "^1.3.0",
            "path-is-absolute": "^1.0.0"
          }
        },
        "mkdirp": {
          "version": "0.5.1",
          "resolved": "https://agora.dequecloud.com/artifactory/api/npm/dequelabs/mkdirp/-/mkdirp-0.5.1.tgz",
          "integrity": "sha1-MAV0OOrGz3+MR2fzhkjWaX11yQM=",
          "dev": true,
          "requires": {
            "minimist": "0.0.8"
          }
        }
      }
    },
    "ms": {
      "version": "2.0.0",
      "resolved": "https://agora.dequecloud.com/artifactory/api/npm/dequelabs/ms/-/ms-2.0.0.tgz",
      "integrity": "sha1-VgiurfwAvmwpAd9fmGF4jeDVl8g="
    },
    "node-static": {
      "version": "0.7.11",
      "resolved": "https://agora.dequecloud.com/artifactory/api/npm/dequelabs/node-static/-/node-static-0.7.11.tgz",
      "integrity": "sha1-YBINNJ8871M+ToIGcAV+tjGILn8=",
      "dev": true,
      "requires": {
        "colors": ">=0.6.0",
        "mime": "^1.2.9",
        "optimist": ">=0.3.4"
      }
    },
    "once": {
      "version": "1.4.0",
      "resolved": "https://agora.dequecloud.com/artifactory/api/npm/dequelabs/once/-/once-1.4.0.tgz",
      "integrity": "sha1-WDsap3WWHUsROsF9nFC6753Xa9E=",
      "requires": {
        "wrappy": "1"
      }
    },
    "optimist": {
      "version": "0.6.1",
      "resolved": "https://agora.dequecloud.com/artifactory/api/npm/dequelabs/optimist/-/optimist-0.6.1.tgz",
      "integrity": "sha1-2j6nRob6IaGaERwybpDrFaAZZoY=",
      "dev": true,
      "requires": {
        "minimist": "~0.0.1",
        "wordwrap": "~0.0.2"
      }
    },
    "os-tmpdir": {
      "version": "1.0.2",
      "resolved": "https://agora.dequecloud.com/artifactory/api/npm/dequelabs/os-tmpdir/-/os-tmpdir-1.0.2.tgz",
      "integrity": "sha1-u+Z0BseaqFxc/sdm/lc0VV36EnQ="
    },
    "p-map": {
      "version": "3.0.0",
      "resolved": "https://agora.dequecloud.com/artifactory/api/npm/dequelabs/p-map/-/p-map-3.0.0.tgz",
      "integrity": "sha1-1wTZr4orpoTiYA2aIVmD1BQal50=",
      "requires": {
        "aggregate-error": "^3.0.0"
      }
    },
    "pako": {
      "version": "1.0.11",
      "resolved": "https://agora.dequecloud.com/artifactory/api/npm/dequelabs/pako/-/pako-1.0.11.tgz",
      "integrity": "sha1-bJWZ00DVTf05RjgCUqNXBaa5kr8="
    },
    "path-is-absolute": {
      "version": "1.0.1",
      "resolved": "https://agora.dequecloud.com/artifactory/api/npm/dequelabs/path-is-absolute/-/path-is-absolute-1.0.1.tgz",
      "integrity": "sha1-F0uSaHNVNP+8es5r9TpanhtcX18="
    },
    "path-type": {
      "version": "4.0.0",
      "resolved": "https://agora.dequecloud.com/artifactory/api/npm/dequelabs/path-type/-/path-type-4.0.0.tgz",
      "integrity": "sha1-hO0BwKe6OAr+CdkKjBgNzZ0DBDs="
    },
    "pathval": {
      "version": "1.1.0",
      "resolved": "https://agora.dequecloud.com/artifactory/api/npm/dequelabs/pathval/-/pathval-1.1.0.tgz",
      "integrity": "sha1-uULm1L3mUwBe9rcTYd74cn0GReA=",
      "dev": true
    },
    "pend": {
      "version": "1.2.0",
      "resolved": "https://agora.dequecloud.com/artifactory/api/npm/dequelabs/pend/-/pend-1.2.0.tgz",
      "integrity": "sha1-elfrVQpng/kRUzH89GY9XI4AelA="
    },
    "picomatch": {
      "version": "2.2.2",
      "resolved": "https://agora.dequecloud.com/artifactory/api/npm/dequelabs/picomatch/-/picomatch-2.2.2.tgz",
      "integrity": "sha1-IfMz6ba46v8CRo9RRupAbTRfTa0="
    },
    "process-nextick-args": {
      "version": "2.0.1",
      "resolved": "https://agora.dequecloud.com/artifactory/api/npm/dequelabs/process-nextick-args/-/process-nextick-args-2.0.1.tgz",
      "integrity": "sha1-eCDZsWEgzFXKmud5JoCufbptf+I="
    },
    "pump": {
      "version": "3.0.0",
      "resolved": "https://agora.dequecloud.com/artifactory/api/npm/dequelabs/pump/-/pump-3.0.0.tgz",
      "integrity": "sha1-tKIRaBW94vTh6mAjVOjHVWUQemQ=",
      "requires": {
        "end-of-stream": "^1.1.0",
        "once": "^1.3.1"
      }
    },
    "readable-stream": {
      "version": "2.3.7",
      "resolved": "https://agora.dequecloud.com/artifactory/api/npm/dequelabs/readable-stream/-/readable-stream-2.3.7.tgz",
      "integrity": "sha1-Hsoc9xGu+BTAT2IlKjamL2yyO1c=",
      "requires": {
        "core-util-is": "~1.0.0",
        "inherits": "~2.0.3",
        "isarray": "~1.0.0",
        "process-nextick-args": "~2.0.0",
        "safe-buffer": "~5.1.1",
        "string_decoder": "~1.1.1",
        "util-deprecate": "~1.0.1"
      }
    },
    "reusify": {
      "version": "1.0.4",
      "resolved": "https://agora.dequecloud.com/artifactory/api/npm/dequelabs/reusify/-/reusify-1.0.4.tgz",
      "integrity": "sha1-kNo4Kx4SbvwCFG6QhFqI2xKSXXY="
    },
    "rimraf": {
      "version": "3.0.2",
      "resolved": "https://agora.dequecloud.com/artifactory/api/npm/dequelabs/rimraf/-/rimraf-3.0.2.tgz",
      "integrity": "sha1-8aVAK6YiCtUswSgrrBrjqkn9Bho=",
      "requires": {
        "glob": "^7.1.3"
      }
    },
    "run-parallel": {
      "version": "1.1.9",
      "resolved": "https://agora.dequecloud.com/artifactory/api/npm/dequelabs/run-parallel/-/run-parallel-1.1.9.tgz",
      "integrity": "sha1-yd06fPn0ssS2JE4XOm7YZuYd1nk="
    },
    "safe-buffer": {
      "version": "5.1.2",
      "resolved": "https://agora.dequecloud.com/artifactory/api/npm/dequelabs/safe-buffer/-/safe-buffer-5.1.2.tgz",
      "integrity": "sha1-mR7GnSluAxN0fVm9/St0XDX4go0="
    },
    "sax": {
      "version": "1.2.4",
      "resolved": "https://agora.dequecloud.com/artifactory/api/npm/dequelabs/sax/-/sax-1.2.4.tgz",
      "integrity": "sha1-KBYjTiN4vdxOU1T6tcqold9xANk="
    },
    "selenium-webdriver": {
      "version": "3.6.0",
      "resolved": "https://agora.dequecloud.com/artifactory/api/npm/dequelabs/selenium-webdriver/-/selenium-webdriver-3.6.0.tgz",
      "integrity": "sha1-K6h6FmLAILiYjJga5iyyoBKY6vw=",
      "requires": {
        "jszip": "^3.1.3",
        "rimraf": "^2.5.4",
        "tmp": "0.0.30",
        "xml2js": "^0.4.17"
      },
      "dependencies": {
        "rimraf": {
          "version": "2.7.1",
          "resolved": "https://agora.dequecloud.com/artifactory/api/npm/dequelabs/rimraf/-/rimraf-2.7.1.tgz",
          "integrity": "sha1-NXl/E6f9rcVmFCwp1PB8ytSD4+w=",
          "requires": {
            "glob": "^7.1.3"
          }
        }
      }
    },
    "set-immediate-shim": {
      "version": "1.0.1",
      "resolved": "https://agora.dequecloud.com/artifactory/api/npm/dequelabs/set-immediate-shim/-/set-immediate-shim-1.0.1.tgz",
      "integrity": "sha1-SysbJ+uAip+NzEgaWOXlb1mfP2E="
    },
    "slash": {
      "version": "3.0.0",
      "resolved": "https://agora.dequecloud.com/artifactory/api/npm/dequelabs/slash/-/slash-3.0.0.tgz",
      "integrity": "sha1-ZTm+hwwWWtvVJAIg2+Nh8bxNRjQ="
    },
    "string_decoder": {
      "version": "1.1.1",
      "resolved": "https://agora.dequecloud.com/artifactory/api/npm/dequelabs/string_decoder/-/string_decoder-1.1.1.tgz",
      "integrity": "sha1-nPFhG6YmhdcDCunkujQUnDrwP8g=",
      "requires": {
        "safe-buffer": "~5.1.0"
      }
    },
    "supports-color": {
      "version": "5.4.0",
      "resolved": "https://agora.dequecloud.com/artifactory/api/npm/dequelabs/supports-color/-/supports-color-5.4.0.tgz",
      "integrity": "sha1-HGszdALCE3YF7+GfEP7DkPb6q1Q=",
      "dev": true,
      "requires": {
        "has-flag": "^3.0.0"
      }
    },
    "tcp-port-used": {
      "version": "1.0.1",
      "resolved": "https://agora.dequecloud.com/artifactory/api/npm/dequelabs/tcp-port-used/-/tcp-port-used-1.0.1.tgz",
      "integrity": "sha1-RgYQeOLTjHOXmiwsErWmdOZonXA=",
      "requires": {
        "debug": "4.1.0",
        "is2": "2.0.1"
      },
      "dependencies": {
        "debug": {
          "version": "4.1.0",
          "resolved": "https://agora.dequecloud.com/artifactory/api/npm/dequelabs/debug/-/debug-4.1.0.tgz",
          "integrity": "sha1-NzaHv/pnizixzZH4YbY4UANd3Ic=",
          "requires": {
            "ms": "^2.1.1"
          }
        },
        "ms": {
          "version": "2.1.2",
          "resolved": "https://agora.dequecloud.com/artifactory/api/npm/dequelabs/ms/-/ms-2.1.2.tgz",
          "integrity": "sha1-0J0fNXtEP0kzgqjrPM0YOHKuYAk="
        }
      }
    },
    "tmp": {
      "version": "0.0.30",
      "resolved": "https://agora.dequecloud.com/artifactory/api/npm/dequelabs/tmp/-/tmp-0.0.30.tgz",
      "integrity": "sha1-ckGdSovn1s51FI/YsyTlk6cRwu0=",
      "requires": {
        "os-tmpdir": "~1.0.1"
      }
    },
    "to-regex-range": {
      "version": "5.0.1",
      "resolved": "https://agora.dequecloud.com/artifactory/api/npm/dequelabs/to-regex-range/-/to-regex-range-5.0.1.tgz",
      "integrity": "sha1-FkjESq58jZiKMmAY7XL1tN0DkuQ=",
      "requires": {
        "is-number": "^7.0.0"
      }
    },
    "type-detect": {
      "version": "4.0.8",
      "resolved": "https://agora.dequecloud.com/artifactory/api/npm/dequelabs/type-detect/-/type-detect-4.0.8.tgz",
      "integrity": "sha1-dkb7XxiHHPu3dJ5pvTmmOI63RQw=",
      "dev": true
    },
    "util-deprecate": {
      "version": "1.0.2",
      "resolved": "https://agora.dequecloud.com/artifactory/api/npm/dequelabs/util-deprecate/-/util-deprecate-1.0.2.tgz",
      "integrity": "sha1-RQ1Nyfpw3nMnYvvS1KKJgUGaDM8="
    },
    "wordwrap": {
      "version": "0.0.3",
      "resolved": "https://agora.dequecloud.com/artifactory/api/npm/dequelabs/wordwrap/-/wordwrap-0.0.3.tgz",
      "integrity": "sha1-o9XabNXAvAAI03I0u68b7WMFkQc=",
      "dev": true
    },
    "wrappy": {
      "version": "1.0.2",
      "resolved": "https://agora.dequecloud.com/artifactory/api/npm/dequelabs/wrappy/-/wrappy-1.0.2.tgz",
      "integrity": "sha1-tSQ9jz7BqjXxNkYFvA0QNuMKtp8="
    },
    "xml2js": {
      "version": "0.4.23",
      "resolved": "https://agora.dequecloud.com/artifactory/api/npm/dequelabs/xml2js/-/xml2js-0.4.23.tgz",
      "integrity": "sha1-oMaVFnUkIesqx1juTUzPWIQ+rGY=",
      "requires": {
        "sax": ">=0.6.0",
        "xmlbuilder": "~11.0.0"
      }
    },
    "xmlbuilder": {
      "version": "11.0.1",
      "resolved": "https://agora.dequecloud.com/artifactory/api/npm/dequelabs/xmlbuilder/-/xmlbuilder-11.0.1.tgz",
      "integrity": "sha1-vpuuHIoEbnazESdyY0fQrXACvrM="
    },
    "yauzl": {
      "version": "2.10.0",
      "resolved": "https://agora.dequecloud.com/artifactory/api/npm/dequelabs/yauzl/-/yauzl-2.10.0.tgz",
      "integrity": "sha1-x+sXyT4RLLEIb6bY5R+wZnt5pfk=",
      "requires": {
        "buffer-crc32": "~0.2.3",
        "fd-slicer": "~1.1.0"
      }
    }
  }
}
